
Microsoft Visual Studio Solution File, Format Version 12.00
# Visual Studio Version 17
VisualStudioVersion = 17.11.34929.205
MinimumVisualStudioVersion = 10.0.40219.1
Project("{FAE04EC0-301F-11D3-BF4B-00C04F79EFBC}") = "GestionPersonnel", "GestionPersonnel\GestionPersonnel.csproj", "{A7946A52-78FE-460F-AD49-DC18557003A7}"
EndProject
Global
	GlobalSection(SolutionConfigurationPlatforms) = preSolution
		Debug|Any CPU = Debug|Any CPU
		Release|Any CPU = Release|Any CPU
	EndGlobalSection
	GlobalSection(ProjectConfigurationPlatforms) = postSolution
		{A7946A52-78FE-460F-AD49-DC18557003A7}.Debug|Any CPU.ActiveCfg = Debug|Any CPU
		{A7946A52-78FE-460F-AD49-DC18557003A7}.Debug|Any CPU.Build.0 = Debug|Any CPU
		{A7946A52-78FE-460F-AD49-DC18557003A7}.Release|Any CPU.ActiveCfg = Release|Any CPU
		{A7946A52-78FE-460F-AD49-DC18557003A7}.Release|Any CPU.Build.0 = Release|Any CPU
	EndGlobalSection
	GlobalSection(SolutionProperties) = preSolution
		HideSolutionNode = FALSE
	EndGlobalSection
	GlobalSection(ExtensibilityGlobals) = postSolution
		SolutionGuid = {3948607C-C4C5-47AE-87BE-A676AF73188D}
	EndGlobalSection
EndGlobal
